
Microsoft Visual Studio Solution File, Format Version 12.00
# Visual Studio Version 17
VisualStudioVersion = 17.0.31903.59
MinimumVisualStudioVersion = 10.0.40219.1
Project("{FAE04EC0-301F-11D3-BF4B-00C04F79EFBC}") = "Tracker.Pixel.Service", "Tracker.Pixel.Service\Tracker.Pixel.Service.csproj", "{7DF55280-2369-4358-99F8-F6319B158378}"
EndProject
Project("{FAE04EC0-301F-11D3-BF4B-00C04F79EFBC}") = "Tracker.Storage.Worker", "Tracker.Storage.Worker\Tracker.Storage.Worker.csproj", "{9ED05DDB-F191-4459-91CA-7FCA18A8F04E}"
EndProject
Project("{2150E333-8FDC-42A3-9474-1A3956D46DE8}") = "01. Pixel", "01. Pixel", "{E154FFA0-B827-47D0-B747-D0FDC5200762}"
EndProject
Project("{E53339B2-1760-4266-BCC7-CA923CBCF16C}") = "docker-compose", "docker-compose.dcproj", "{90FB01E0-3EEA-405C-91FE-FF879F8A5586}"
EndProject
Project("{2150E333-8FDC-42A3-9474-1A3956D46DE8}") = "Solution Items", "Solution Items", "{3C84FF6B-4D1B-4A73-8295-85124B52E6D9}"
	ProjectSection(SolutionItems) = preProject
		.env = .env
		Requirements.txt = Requirements.txt
	EndProjectSection
EndProject
Project("{2150E333-8FDC-42A3-9474-1A3956D46DE8}") = "02. Storage", "02. Storage", "{7039BF38-7E18-4DB5-A5E1-BDBAD50830A5}"
EndProject
Project("{2150E333-8FDC-42A3-9474-1A3956D46DE8}") = "03. BuildingBlocks", "03. BuildingBlocks", "{2CDEEE43-6621-4D53-BBD6-DEB453F86F53}"
EndProject
Project("{FAE04EC0-301F-11D3-BF4B-00C04F79EFBC}") = "Tracker.Pixel.Contracts", "Tracker.Pixel.Contracts\Tracker.Pixel.Contracts.csproj", "{33DC2A97-F39E-4F55-996D-CAA888211876}"
EndProject
Project("{FAE04EC0-301F-11D3-BF4B-00C04F79EFBC}") = "Tracker.BuildingBlocks.MessageHub.Abstractions", "Tracker.BuildingBlocks.MessageHub.Abstractions\Tracker.BuildingBlocks.MessageHub.Abstractions.csproj", "{6F6B9071-B440-4258-9EC9-BBB1B9B240E1}"
EndProject
Project("{FAE04EC0-301F-11D3-BF4B-00C04F79EFBC}") = "Tracker.BuildingBlocks.MessageHub.Kafka", "Tracker.BuildingBlocks.MessageHub.Kafka\Tracker.BuildingBlocks.MessageHub.Kafka.csproj", "{3B7C5001-C1F5-4D56-82BC-D32FE63F4994}"
EndProject
Global
	GlobalSection(SolutionConfigurationPlatforms) = preSolution
		Debug|Any CPU = Debug|Any CPU
		Release|Any CPU = Release|Any CPU
	EndGlobalSection
	GlobalSection(ProjectConfigurationPlatforms) = postSolution
		{7DF55280-2369-4358-99F8-F6319B158378}.Debug|Any CPU.ActiveCfg = Debug|Any CPU
		{7DF55280-2369-4358-99F8-F6319B158378}.Debug|Any CPU.Build.0 = Debug|Any CPU
		{7DF55280-2369-4358-99F8-F6319B158378}.Release|Any CPU.ActiveCfg = Release|Any CPU
		{7DF55280-2369-4358-99F8-F6319B158378}.Release|Any CPU.Build.0 = Release|Any CPU
		{9ED05DDB-F191-4459-91CA-7FCA18A8F04E}.Debug|Any CPU.ActiveCfg = Debug|Any CPU
		{9ED05DDB-F191-4459-91CA-7FCA18A8F04E}.Debug|Any CPU.Build.0 = Debug|Any CPU
		{9ED05DDB-F191-4459-91CA-7FCA18A8F04E}.Release|Any CPU.ActiveCfg = Release|Any CPU
		{9ED05DDB-F191-4459-91CA-7FCA18A8F04E}.Release|Any CPU.Build.0 = Release|Any CPU
		{90FB01E0-3EEA-405C-91FE-FF879F8A5586}.Debug|Any CPU.ActiveCfg = Debug|Any CPU
		{90FB01E0-3EEA-405C-91FE-FF879F8A5586}.Debug|Any CPU.Build.0 = Debug|Any CPU
		{90FB01E0-3EEA-405C-91FE-FF879F8A5586}.Release|Any CPU.ActiveCfg = Release|Any CPU
		{90FB01E0-3EEA-405C-91FE-FF879F8A5586}.Release|Any CPU.Build.0 = Release|Any CPU
		{33DC2A97-F39E-4F55-996D-CAA888211876}.Debug|Any CPU.ActiveCfg = Debug|Any CPU
		{33DC2A97-F39E-4F55-996D-CAA888211876}.Debug|Any CPU.Build.0 = Debug|Any CPU
		{33DC2A97-F39E-4F55-996D-CAA888211876}.Release|Any CPU.ActiveCfg = Release|Any CPU
		{33DC2A97-F39E-4F55-996D-CAA888211876}.Release|Any CPU.Build.0 = Release|Any CPU
		{6F6B9071-B440-4258-9EC9-BBB1B9B240E1}.Debug|Any CPU.ActiveCfg = Debug|Any CPU
		{6F6B9071-B440-4258-9EC9-BBB1B9B240E1}.Debug|Any CPU.Build.0 = Debug|Any CPU
		{6F6B9071-B440-4258-9EC9-BBB1B9B240E1}.Release|Any CPU.ActiveCfg = Release|Any CPU
		{6F6B9071-B440-4258-9EC9-BBB1B9B240E1}.Release|Any CPU.Build.0 = Release|Any CPU
		{3B7C5001-C1F5-4D56-82BC-D32FE63F4994}.Debug|Any CPU.ActiveCfg = Debug|Any CPU
		{3B7C5001-C1F5-4D56-82BC-D32FE63F4994}.Debug|Any CPU.Build.0 = Debug|Any CPU
		{3B7C5001-C1F5-4D56-82BC-D32FE63F4994}.Release|Any CPU.ActiveCfg = Release|Any CPU
		{3B7C5001-C1F5-4D56-82BC-D32FE63F4994}.Release|Any CPU.Build.0 = Release|Any CPU
	EndGlobalSection
	GlobalSection(SolutionProperties) = preSolution
		HideSolutionNode = FALSE
	EndGlobalSection
	GlobalSection(NestedProjects) = preSolution
		{7DF55280-2369-4358-99F8-F6319B158378} = {E154FFA0-B827-47D0-B747-D0FDC5200762}
		{9ED05DDB-F191-4459-91CA-7FCA18A8F04E} = {7039BF38-7E18-4DB5-A5E1-BDBAD50830A5}
		{33DC2A97-F39E-4F55-996D-CAA888211876} = {E154FFA0-B827-47D0-B747-D0FDC5200762}
		{6F6B9071-B440-4258-9EC9-BBB1B9B240E1} = {2CDEEE43-6621-4D53-BBD6-DEB453F86F53}
		{3B7C5001-C1F5-4D56-82BC-D32FE63F4994} = {2CDEEE43-6621-4D53-BBD6-DEB453F86F53}
	EndGlobalSection
	GlobalSection(ExtensibilityGlobals) = postSolution
		SolutionGuid = {A1EC7B3C-E774-45A2-8949-898F4ADEEE5D}
	EndGlobalSection
EndGlobal
